Microsoft Visual Studio Solution File, Format Version 11.00
# Visual Studio 2008

Project("{AF0E551A-C5E9-418F-6F02-DAF6E8A827D5}") = "NetworkTest", "Assembly-CSharp-firstpass.csproj", "{0CACF304-63C6-CF25-0370-130FC2FD7BDE}"
EndProject
Project("{AF0E551A-C5E9-418F-6F02-DAF6E8A827D5}") = "NetworkTest", "Assembly-CSharp.csproj", "{489CA3C4-DFBE-AA71-CF2A-406118B5137C}"
EndProject
Project("{AF0E551A-C5E9-418F-6F02-DAF6E8A827D5}") = "NetworkTest", "Assembly-CSharp-Editor.csproj", "{80D34AB7-894A-3F69-84D6-925632BD8ECD}"
EndProject
Project("{AF0E551A-C5E9-418F-6F02-DAF6E8A827D5}") = "NetworkTest", "Assembly-UnityScript-firstpass.unityproj", "{4B61A9CB-AE6F-3EBD-5EF6-9983C3D7BEAB}"
EndProject
Global
	GlobalSection(SolutionConfigurationPlatforms) = preSolution
		Debug|Any CPU = Debug|Any CPU
		Release|Any CPU = Release|Any CPU
	EndGlobalSection
	GlobalSection(ProjectConfigurationPlatforms) = postSolution
		{0CACF304-63C6-CF25-0370-130FC2FD7BDE}.Debug|Any CPU.ActiveCfg = Debug|Any CPU
		{0CACF304-63C6-CF25-0370-130FC2FD7BDE}.Debug|Any CPU.Build.0 = Debug|Any CPU
		{0CACF304-63C6-CF25-0370-130FC2FD7BDE}.Release|Any CPU.ActiveCfg = Release|Any CPU
		{0CACF304-63C6-CF25-0370-130FC2FD7BDE}.Release|Any CPU.Build.0 = Release|Any CPU
		{489CA3C4-DFBE-AA71-CF2A-406118B5137C}.Debug|Any CPU.ActiveCfg = Debug|Any CPU
		{489CA3C4-DFBE-AA71-CF2A-406118B5137C}.Debug|Any CPU.Build.0 = Debug|Any CPU
		{489CA3C4-DFBE-AA71-CF2A-406118B5137C}.Release|Any CPU.ActiveCfg = Release|Any CPU
		{489CA3C4-DFBE-AA71-CF2A-406118B5137C}.Release|Any CPU.Build.0 = Release|Any CPU
		{80D34AB7-894A-3F69-84D6-925632BD8ECD}.Debug|Any CPU.ActiveCfg = Debug|Any CPU
		{80D34AB7-894A-3F69-84D6-925632BD8ECD}.Debug|Any CPU.Build.0 = Debug|Any CPU
		{80D34AB7-894A-3F69-84D6-925632BD8ECD}.Release|Any CPU.ActiveCfg = Release|Any CPU
		{80D34AB7-894A-3F69-84D6-925632BD8ECD}.Release|Any CPU.Build.0 = Release|Any CPU
		{4B61A9CB-AE6F-3EBD-5EF6-9983C3D7BEAB}.Debug|Any CPU.ActiveCfg = Debug|Any CPU
		{4B61A9CB-AE6F-3EBD-5EF6-9983C3D7BEAB}.Debug|Any CPU.Build.0 = Debug|Any CPU
		{4B61A9CB-AE6F-3EBD-5EF6-9983C3D7BEAB}.Release|Any CPU.ActiveCfg = Release|Any CPU
		{4B61A9CB-AE6F-3EBD-5EF6-9983C3D7BEAB}.Release|Any CPU.Build.0 = Release|Any CPU
	EndGlobalSection
	GlobalSection(SolutionProperties) = preSolution
		HideSolutionNode = FALSE
	EndGlobalSection
																									GlobalSection(MonoDevelopProperties) = preSolution
		StartupItem = Assembly-CSharp.csproj
		Policies = $0
		$0.TextStylePolicy = $1
		$1.inheritsSet = null
		$1.scope = text/x-csharp
		$0.CSharpFormattingPolicy = $2
		$2.inheritsSet = Mono
		$2.inheritsScope = text/x-csharp
		$2.scope = text/x-csharp
		$0.TextStylePolicy = $3
		$3.FileWidth = 120
		$3.TabWidth = 4
		$3.EolMarker = Unix
		$3.inheritsSet = Mono
		$3.inheritsScope = text/plain
		$3.scope = text/plain
	EndGlobalSection

EndGlobal
