
Microsoft Visual Studio Solution File, Format Version 12.00
# Visual Studio 2013
Project("{FAE04EC0-301F-11D3-BF4B-00C04F79EFBC}") = "UnityVS.NetworkTest.CSharp", "UnityVS.NetworkTest.CSharp.csproj", "{52589804-A4AC-61D3-A0EB-1A0A728A44B4}"
EndProject
Project("{FAE04EC0-301F-11D3-BF4B-00C04F79EFBC}") = "UnityVS.NetworkTest.CSharp.Editor", "UnityVS.NetworkTest.CSharp.Editor.csproj", "{40BD7722-65FA-6DE8-C582-75C416F44E2F}"
EndProject
Project("{FAE04EC0-301F-11D3-BF4B-00C04F79EFBC}") = "UnityVS.NetworkTest.CSharp.Plugins", "UnityVS.NetworkTest.CSharp.Plugins.csproj", "{A0C2ACEE-F3C6-AD76-3259-1D1A3C75F642}"
EndProject
Global
	GlobalSection(SolutionConfigurationPlatforms) = preSolution
		Debug|Any CPU = Debug|Any CPU
		Release|Any CPU = Release|Any CPU
	EndGlobalSection
	GlobalSection(ProjectConfigurationPlatforms) = postSolution
		{52589804-A4AC-61D3-A0EB-1A0A728A44B4}.Debug|Any CPU.ActiveCfg = Debug|Any CPU
		{52589804-A4AC-61D3-A0EB-1A0A728A44B4}.Debug|Any CPU.Build.0 = Debug|Any CPU
		{52589804-A4AC-61D3-A0EB-1A0A728A44B4}.Release|Any CPU.ActiveCfg = Release|Any CPU
		{52589804-A4AC-61D3-A0EB-1A0A728A44B4}.Release|Any CPU.Build.0 = Release|Any CPU
		{40BD7722-65FA-6DE8-C582-75C416F44E2F}.Debug|Any CPU.ActiveCfg = Debug|Any CPU
		{40BD7722-65FA-6DE8-C582-75C416F44E2F}.Debug|Any CPU.Build.0 = Debug|Any CPU
		{40BD7722-65FA-6DE8-C582-75C416F44E2F}.Release|Any CPU.ActiveCfg = Release|Any CPU
		{40BD7722-65FA-6DE8-C582-75C416F44E2F}.Release|Any CPU.Build.0 = Release|Any CPU
		{A0C2ACEE-F3C6-AD76-3259-1D1A3C75F642}.Debug|Any CPU.ActiveCfg = Debug|Any CPU
		{A0C2ACEE-F3C6-AD76-3259-1D1A3C75F642}.Debug|Any CPU.Build.0 = Debug|Any CPU
		{A0C2ACEE-F3C6-AD76-3259-1D1A3C75F642}.Release|Any CPU.ActiveCfg = Release|Any CPU
		{A0C2ACEE-F3C6-AD76-3259-1D1A3C75F642}.Release|Any CPU.Build.0 = Release|Any CPU
	EndGlobalSection
	GlobalSection(SolutionProperties) = preSolution
		HideSolutionNode = FALSE
	EndGlobalSection
EndGlobal
